
Microsoft Visual Studio Solution File, Format Version 12.00
# Visual Studio Version 17
VisualStudioVersion = 17.10.34916.146
MinimumVisualStudioVersion = 10.0.40219.1
Project("{FAE04EC0-301F-11D3-BF4B-00C04F79EFBC}") = "Api", "Api\Api.csproj", "{7729D7EC-CE6B-4277-9BE6-2276FF797EB5}"
EndProject
Global
	GlobalSection(SolutionConfigurationPlatforms) = preSolution
		Debug|Any CPU = Debug|Any CPU
		Release|Any CPU = Release|Any CPU
	EndGlobalSection
	GlobalSection(ProjectConfigurationPlatforms) = postSolution
		{7729D7EC-CE6B-4277-9BE6-2276FF797EB5}.Debug|Any CPU.ActiveCfg = Debug|Any CPU
		{7729D7EC-CE6B-4277-9BE6-2276FF797EB5}.Debug|Any CPU.Build.0 = Debug|Any CPU
		{7729D7EC-CE6B-4277-9BE6-2276FF797EB5}.Release|Any CPU.ActiveCfg = Release|Any CPU
		{7729D7EC-CE6B-4277-9BE6-2276FF797EB5}.Release|Any CPU.Build.0 = Release|Any CPU
	EndGlobalSection
	GlobalSection(SolutionProperties) = preSolution
		HideSolutionNode = FALSE
	EndGlobalSection
	GlobalSection(ExtensibilityGlobals) = postSolution
		SolutionGuid = {6D35A388-DDA9-4745-8DB9-71E25CA9D581}
	EndGlobalSection
EndGlobal
